
Microsoft Visual Studio Solution File, Format Version 11.00
# Visual Studio 2010
Project("{FAE04EC0-301F-11D3-BF4B-00C04F79EFBC}") = "ToMau", "ToMau\ToMau.csproj", "{DFEC9955-BEFB-49C5-97D3-996E3A6C4377}"
EndProject
Global
	GlobalSection(SolutionConfigurationPlatforms) = preSolution
		Debug|x86 = Debug|x86
		Release|x86 = Release|x86
	EndGlobalSection
	GlobalSection(ProjectConfigurationPlatforms) = postSolution
		{DFEC9955-BEFB-49C5-97D3-996E3A6C4377}.Debug|x86.ActiveCfg = Debug|x86
		{DFEC9955-BEFB-49C5-97D3-996E3A6C4377}.Debug|x86.Build.0 = Debug|x86
		{DFEC9955-BEFB-49C5-97D3-996E3A6C4377}.Release|x86.ActiveCfg = Release|x86
		{DFEC9955-BEFB-49C5-97D3-996E3A6C4377}.Release|x86.Build.0 = Release|x86
	EndGlobalSection
	GlobalSection(SolutionProperties) = preSolution
		HideSolutionNode = FALSE
	EndGlobalSection
EndGlobal
